{
  "name": "radzen-blazor",
  "lockfileVersion": 3,
  "requires": true,
  "packages": {
    "": {
      "dependencies": {
        "@kern-ux/native": "^2.7.1"
      }
    },
    "node_modules/@kern-ux/native": {
      "version": "2.7.1",
      "resolved": "https://registry.npmjs.org/@kern-ux/native/-/native-2.7.1.tgz",
      "integrity": "sha512-6bi5PBxB27BQpwXiS6Lc+WZzsurVD1a9vdd58M35QWnK9Nsjkx6FfJBBrpuIX32DqLy+Y0QcOoCQUoh+WAWElw==",
      "license": "EUPL-1.2"
    }
  }
}
